
Microsoft Visual Studio Solution File, Format Version 12.00
# Visual Studio 2012
Project("{FAE04EC0-301F-11D3-BF4B-00C04F79EFBC}") = "IMChat", "IMChat\IMChat.csproj", "{D503F422-7D21-4654-9248-7F840FDA8EEA}"
EndProject
Project("{FAE04EC0-301F-11D3-BF4B-00C04F79EFBC}") = "Test", "Test\Test.csproj", "{53E8BA77-E080-4D22-8002-EA12A08E4711}"
EndProject
Project("{FAE04EC0-301F-11D3-BF4B-00C04F79EFBC}") = "MemcachedTest", "MemcachedTest\MemcachedTest.csproj", "{AF78D2BB-090B-49DD-95B7-DBB51B9FCB5B}"
EndProject
Project("{FAE04EC0-301F-11D3-BF4B-00C04F79EFBC}") = "MemcachedTestEnyim", "MemcachedTestEnyim\MemcachedTestEnyim.csproj", "{36C67FC4-1A1E-40F2-BD7C-CB650E5AD2D0}"
EndProject
Project("{FAE04EC0-301F-11D3-BF4B-00C04F79EFBC}") = "MemcachedProviders", "MemcachedProviders\MemcachedProviders.csproj", "{DEB6C7AD-600A-46B7-8EE6-A9A3B5052D6E}"
EndProject
Project("{FAE04EC0-301F-11D3-BF4B-00C04F79EFBC}") = "WebTest", "WebTest\WebTest.csproj", "{59AA8854-EE71-4E7C-BA62-DA8AE782F731}"
EndProject
Project("{FAE04EC0-301F-11D3-BF4B-00C04F79EFBC}") = "LucenneTest", "LucenneTest\LucenneTest.csproj", "{3E108542-504C-491A-B46E-0EDF111DD6DC}"
EndProject
Project("{FAE04EC0-301F-11D3-BF4B-00C04F79EFBC}") = "RSA", "RSA\RSA.csproj", "{4DD32180-285E-416E-A37D-4D94E7E2B4E8}"
EndProject
Project("{FAE04EC0-301F-11D3-BF4B-00C04F79EFBC}") = "ProgressSync", "ProgressSync\ProgressSync.csproj", "{B936963C-BEE1-43CC-8AAE-6D82542498DD}"
EndProject
Project("{FAE04EC0-301F-11D3-BF4B-00C04F79EFBC}") = "Aipay", "Aipay\Aipay.csproj", "{B8508B56-9C72-4413-AEBF-93EEFD49462A}"
EndProject
Project("{FAE04EC0-301F-11D3-BF4B-00C04F79EFBC}") = "AipayUmpay", "AipayUmpay\AipayUmpay.csproj", "{07573D17-BBB5-49AE-B697-0B1A8356E3C2}"
EndProject
Project("{FAE04EC0-301F-11D3-BF4B-00C04F79EFBC}") = "MvcTest", "MvcTest\MvcTest.csproj", "{E9CF1038-53A7-484B-9D2F-51D912AEB984}"
EndProject
Project("{FAE04EC0-301F-11D3-BF4B-00C04F79EFBC}") = "OrmTest", "OrmTest\OrmTest.csproj", "{0C86FA07-0F95-4AF8-98CA-D3CD5AE33A3F}"
EndProject
Project("{FAE04EC0-301F-11D3-BF4B-00C04F79EFBC}") = "Spring", "Spring\Spring.csproj", "{5D6B57B7-CF00-4E81-A5CD-27907E61616D}"
EndProject
Project("{FAE04EC0-301F-11D3-BF4B-00C04F79EFBC}") = "eventTest", "eventTest\eventTest.csproj", "{CD4CEE6D-6840-40B9-94FB-38657CFCDC07}"
EndProject
Project("{FAE04EC0-301F-11D3-BF4B-00C04F79EFBC}") = "WeiXin", "WeiXin\WeiXin.csproj", "{72432BB1-4518-4052-997E-7174E89B5EC5}"
EndProject
Project("{FAE04EC0-301F-11D3-BF4B-00C04F79EFBC}") = "WebApi", "WebApi\WebApi.csproj", "{752BAD2D-F890-4507-9440-09A5589FFF1F}"
EndProject
Project("{FAE04EC0-301F-11D3-BF4B-00C04F79EFBC}") = "WebApiClient", "WebApiClient\WebApiClient.csproj", "{1A42E1D5-816D-4210-8218-1A5385763BE0}"
EndProject
Global
	GlobalSection(SolutionConfigurationPlatforms) = preSolution
		Debug|Any CPU = Debug|Any CPU
		Release|Any CPU = Release|Any CPU
	EndGlobalSection
	GlobalSection(ProjectConfigurationPlatforms) = postSolution
		{D503F422-7D21-4654-9248-7F840FDA8EEA}.Debug|Any CPU.ActiveCfg = Debug|Any CPU
		{D503F422-7D21-4654-9248-7F840FDA8EEA}.Debug|Any CPU.Build.0 = Debug|Any CPU
		{D503F422-7D21-4654-9248-7F840FDA8EEA}.Release|Any CPU.ActiveCfg = Release|Any CPU
		{D503F422-7D21-4654-9248-7F840FDA8EEA}.Release|Any CPU.Build.0 = Release|Any CPU
		{53E8BA77-E080-4D22-8002-EA12A08E4711}.Debug|Any CPU.ActiveCfg = Debug|Any CPU
		{53E8BA77-E080-4D22-8002-EA12A08E4711}.Debug|Any CPU.Build.0 = Debug|Any CPU
		{53E8BA77-E080-4D22-8002-EA12A08E4711}.Release|Any CPU.ActiveCfg = Release|Any CPU
		{53E8BA77-E080-4D22-8002-EA12A08E4711}.Release|Any CPU.Build.0 = Release|Any CPU
		{AF78D2BB-090B-49DD-95B7-DBB51B9FCB5B}.Debug|Any CPU.ActiveCfg = Debug|Any CPU
		{AF78D2BB-090B-49DD-95B7-DBB51B9FCB5B}.Debug|Any CPU.Build.0 = Debug|Any CPU
		{AF78D2BB-090B-49DD-95B7-DBB51B9FCB5B}.Release|Any CPU.ActiveCfg = Release|Any CPU
		{AF78D2BB-090B-49DD-95B7-DBB51B9FCB5B}.Release|Any CPU.Build.0 = Release|Any CPU
		{36C67FC4-1A1E-40F2-BD7C-CB650E5AD2D0}.Debug|Any CPU.ActiveCfg = Debug|Any CPU
		{36C67FC4-1A1E-40F2-BD7C-CB650E5AD2D0}.Debug|Any CPU.Build.0 = Debug|Any CPU
		{36C67FC4-1A1E-40F2-BD7C-CB650E5AD2D0}.Release|Any CPU.ActiveCfg = Release|Any CPU
		{36C67FC4-1A1E-40F2-BD7C-CB650E5AD2D0}.Release|Any CPU.Build.0 = Release|Any CPU
		{DEB6C7AD-600A-46B7-8EE6-A9A3B5052D6E}.Debug|Any CPU.ActiveCfg = Debug|Any CPU
		{DEB6C7AD-600A-46B7-8EE6-A9A3B5052D6E}.Debug|Any CPU.Build.0 = Debug|Any CPU
		{DEB6C7AD-600A-46B7-8EE6-A9A3B5052D6E}.Release|Any CPU.ActiveCfg = Release|Any CPU
		{DEB6C7AD-600A-46B7-8EE6-A9A3B5052D6E}.Release|Any CPU.Build.0 = Release|Any CPU
		{59AA8854-EE71-4E7C-BA62-DA8AE782F731}.Debug|Any CPU.ActiveCfg = Debug|Any CPU
		{59AA8854-EE71-4E7C-BA62-DA8AE782F731}.Debug|Any CPU.Build.0 = Debug|Any CPU
		{59AA8854-EE71-4E7C-BA62-DA8AE782F731}.Release|Any CPU.ActiveCfg = Release|Any CPU
		{59AA8854-EE71-4E7C-BA62-DA8AE782F731}.Release|Any CPU.Build.0 = Release|Any CPU
		{3E108542-504C-491A-B46E-0EDF111DD6DC}.Debug|Any CPU.ActiveCfg = Debug|Any CPU
		{3E108542-504C-491A-B46E-0EDF111DD6DC}.Debug|Any CPU.Build.0 = Debug|Any CPU
		{3E108542-504C-491A-B46E-0EDF111DD6DC}.Release|Any CPU.ActiveCfg = Release|Any CPU
		{3E108542-504C-491A-B46E-0EDF111DD6DC}.Release|Any CPU.Build.0 = Release|Any CPU
		{4DD32180-285E-416E-A37D-4D94E7E2B4E8}.Debug|Any CPU.ActiveCfg = Debug|Any CPU
		{4DD32180-285E-416E-A37D-4D94E7E2B4E8}.Debug|Any CPU.Build.0 = Debug|Any CPU
		{4DD32180-285E-416E-A37D-4D94E7E2B4E8}.Release|Any CPU.ActiveCfg = Release|Any CPU
		{4DD32180-285E-416E-A37D-4D94E7E2B4E8}.Release|Any CPU.Build.0 = Release|Any CPU
		{B936963C-BEE1-43CC-8AAE-6D82542498DD}.Debug|Any CPU.ActiveCfg = Debug|Any CPU
		{B936963C-BEE1-43CC-8AAE-6D82542498DD}.Debug|Any CPU.Build.0 = Debug|Any CPU
		{B936963C-BEE1-43CC-8AAE-6D82542498DD}.Release|Any CPU.ActiveCfg = Release|Any CPU
		{B936963C-BEE1-43CC-8AAE-6D82542498DD}.Release|Any CPU.Build.0 = Release|Any CPU
		{B8508B56-9C72-4413-AEBF-93EEFD49462A}.Debug|Any CPU.ActiveCfg = Debug|Any CPU
		{B8508B56-9C72-4413-AEBF-93EEFD49462A}.Debug|Any CPU.Build.0 = Debug|Any CPU
		{B8508B56-9C72-4413-AEBF-93EEFD49462A}.Release|Any CPU.ActiveCfg = Release|Any CPU
		{B8508B56-9C72-4413-AEBF-93EEFD49462A}.Release|Any CPU.Build.0 = Release|Any CPU
		{07573D17-BBB5-49AE-B697-0B1A8356E3C2}.Debug|Any CPU.ActiveCfg = Debug|Any CPU
		{07573D17-BBB5-49AE-B697-0B1A8356E3C2}.Debug|Any CPU.Build.0 = Debug|Any CPU
		{07573D17-BBB5-49AE-B697-0B1A8356E3C2}.Release|Any CPU.ActiveCfg = Release|Any CPU
		{07573D17-BBB5-49AE-B697-0B1A8356E3C2}.Release|Any CPU.Build.0 = Release|Any CPU
		{E9CF1038-53A7-484B-9D2F-51D912AEB984}.Debug|Any CPU.ActiveCfg = Debug|Any CPU
		{E9CF1038-53A7-484B-9D2F-51D912AEB984}.Debug|Any CPU.Build.0 = Debug|Any CPU
		{E9CF1038-53A7-484B-9D2F-51D912AEB984}.Release|Any CPU.ActiveCfg = Release|Any CPU
		{E9CF1038-53A7-484B-9D2F-51D912AEB984}.Release|Any CPU.Build.0 = Release|Any CPU
		{0C86FA07-0F95-4AF8-98CA-D3CD5AE33A3F}.Debug|Any CPU.ActiveCfg = Debug|Any CPU
		{0C86FA07-0F95-4AF8-98CA-D3CD5AE33A3F}.Debug|Any CPU.Build.0 = Debug|Any CPU
		{0C86FA07-0F95-4AF8-98CA-D3CD5AE33A3F}.Release|Any CPU.ActiveCfg = Release|Any CPU
		{0C86FA07-0F95-4AF8-98CA-D3CD5AE33A3F}.Release|Any CPU.Build.0 = Release|Any CPU
		{5D6B57B7-CF00-4E81-A5CD-27907E61616D}.Debug|Any CPU.ActiveCfg = Debug|Any CPU
		{5D6B57B7-CF00-4E81-A5CD-27907E61616D}.Debug|Any CPU.Build.0 = Debug|Any CPU
		{5D6B57B7-CF00-4E81-A5CD-27907E61616D}.Release|Any CPU.ActiveCfg = Release|Any CPU
		{5D6B57B7-CF00-4E81-A5CD-27907E61616D}.Release|Any CPU.Build.0 = Release|Any CPU
		{CD4CEE6D-6840-40B9-94FB-38657CFCDC07}.Debug|Any CPU.ActiveCfg = Debug|Any CPU
		{CD4CEE6D-6840-40B9-94FB-38657CFCDC07}.Debug|Any CPU.Build.0 = Debug|Any CPU
		{CD4CEE6D-6840-40B9-94FB-38657CFCDC07}.Release|Any CPU.ActiveCfg = Release|Any CPU
		{CD4CEE6D-6840-40B9-94FB-38657CFCDC07}.Release|Any CPU.Build.0 = Release|Any CPU
		{72432BB1-4518-4052-997E-7174E89B5EC5}.Debug|Any CPU.ActiveCfg = Debug|Any CPU
		{72432BB1-4518-4052-997E-7174E89B5EC5}.Debug|Any CPU.Build.0 = Debug|Any CPU
		{72432BB1-4518-4052-997E-7174E89B5EC5}.Release|Any CPU.ActiveCfg = Release|Any CPU
		{72432BB1-4518-4052-997E-7174E89B5EC5}.Release|Any CPU.Build.0 = Release|Any CPU
		{752BAD2D-F890-4507-9440-09A5589FFF1F}.Debug|Any CPU.ActiveCfg = Debug|Any CPU
		{752BAD2D-F890-4507-9440-09A5589FFF1F}.Debug|Any CPU.Build.0 = Debug|Any CPU
		{752BAD2D-F890-4507-9440-09A5589FFF1F}.Release|Any CPU.ActiveCfg = Release|Any CPU
		{752BAD2D-F890-4507-9440-09A5589FFF1F}.Release|Any CPU.Build.0 = Release|Any CPU
		{1A42E1D5-816D-4210-8218-1A5385763BE0}.Debug|Any CPU.ActiveCfg = Debug|Any CPU
		{1A42E1D5-816D-4210-8218-1A5385763BE0}.Debug|Any CPU.Build.0 = Debug|Any CPU
		{1A42E1D5-816D-4210-8218-1A5385763BE0}.Release|Any CPU.ActiveCfg = Release|Any CPU
		{1A42E1D5-816D-4210-8218-1A5385763BE0}.Release|Any CPU.Build.0 = Release|Any CPU
	EndGlobalSection
	GlobalSection(SolutionProperties) = preSolution
		HideSolutionNode = FALSE
	EndGlobalSection
EndGlobal
